
Microsoft Visual Studio Solution File, Format Version 12.00
# Visual Studio Version 16
VisualStudioVersion = 25.0.1706.6
MinimumVisualStudioVersion = 10.0.40219.1
Project("{FAE04EC0-301F-11D3-BF4B-00C04F79EFBC}") = "backend dot-net-core", "backend dot-net-core\backend dot-net-core.csproj", "{049067AB-2FD8-44D4-ADD6-F9B0CF9C754A}"
EndProject
Global
	GlobalSection(SolutionConfigurationPlatforms) = preSolution
		Debug|Any CPU = Debug|Any CPU
		Release|Any CPU = Release|Any CPU
	EndGlobalSection
	GlobalSection(ProjectConfigurationPlatforms) = postSolution
		{049067AB-2FD8-44D4-ADD6-F9B0CF9C754A}.Debug|Any CPU.ActiveCfg = Debug|Any CPU
		{049067AB-2FD8-44D4-ADD6-F9B0CF9C754A}.Debug|Any CPU.Build.0 = Debug|Any CPU
		{049067AB-2FD8-44D4-ADD6-F9B0CF9C754A}.Release|Any CPU.ActiveCfg = Release|Any CPU
		{049067AB-2FD8-44D4-ADD6-F9B0CF9C754A}.Release|Any CPU.Build.0 = Release|Any CPU
	EndGlobalSection
	GlobalSection(SolutionProperties) = preSolution
		HideSolutionNode = FALSE
	EndGlobalSection
	GlobalSection(ExtensibilityGlobals) = postSolution
		SolutionGuid = {76A6F38B-7C9C-466C-AB94-38303937E42A}
	EndGlobalSection
EndGlobal
